hash: 300dfba455362ac6003a2775cc37c3cad9d5f02ad9eb2d328c7f6c4b6d32cf39
updated: 2016-01-16T21:36:55.419947148-05:00
imports:
- name: github.com/codegangsta/cli
  version: c31a7975863e7810c92e2e288a9ab074f9a88f29
- name: github.com/Sirupsen/logrus
  version: 446d1c146faa8ed3f4218f056fcd165f6bcfda81
- name: gopkg.in/airbrake/gobrake.v2
  version: c9d51adc624b5cc4c1bf8de730a09af4878ffe2d
- name: gopkg.in/gemnasium/logrus-airbrake-hook.v2
  version: 31e6fd4bd5a98d8ee7673d24bc54ec73c31810dd
- name: gopkg.in/olivere/elastic.v3
  version: f4ef71cfe314c5552c67ced82799009995d6a082
devImports: []
